// !$*UTF8*$!
{
	archiveVersion = 1;
	classes = {
	};
	objectVersion = 46;
	objects = {

/* Begin PBXFileReference section */
		F1F56E2C1B7B21B400DA70A1 /* Game School */ = {isa = PBXFileReference; explicitFileType = folder; includeInIndex = 0; path = "Game School"; sourceTree = BUILT_PRODUCTS_DIR; };
		F1F56E301B7B21B400DA70A1 /* ContentInfo.plist */ = {isa = PBXFileReference; lastKnownFileType = text.plist.xml; path = ContentInfo.plist; sourceTree = "<group>"; };
/* End PBXFileReference section */

/* Begin PBXGroup section */
		F1F56E251B7B21B400DA70A1 = {
			isa = PBXGroup;
			children = (
				F1F56E2E1B7B21B400DA70A1 /* Game School */,
				F1F56E2D1B7B21B400DA70A1 /* Products */,
			);
			sourceTree = "<group>";
		};
		F1F56E2D1B7B21B400DA70A1 /* Products */ = {
			isa = PBXGroup;
			children = (
				F1F56E2C1B7B21B400DA70A1 /* Game School */,
			);
			name = Products;
			sourceTree = "<group>";
		};
		F1F56E2E1B7B21B400DA70A1 /* Game School */ = {
			isa = PBXGroup;
			children = (
				F1F56E2F1B7B21B400DA70A1 /* Supporting Files */,
			);
			path = "Game School";
			sourceTree = "<group>";
		};
		F1F56E2F1B7B21B400DA70A1 /* Supporting Files */ = {
			isa = PBXGroup;
			children = (
				F1F56E301B7B21B400DA70A1 /* ContentInfo.plist */,
			);
			name = "Supporting Files";
			sourceTree = "<group>";
		};
/* End PBXGroup section */

/* Begin PBXNativeTarget section */
		F1F56E2B1B7B21B400DA70A1 /* Game School */ = {
			isa = PBXNativeTarget;
			buildConfigurationList = F1F56E331B7B21B400DA70A1 /* Build configuration list for PBXNativeTarget "Game School" */;
			buildPhases = (
				F1F56E2A1B7B21B400DA70A1 /* Resources */,
			);
			buildRules = (
			);
			dependencies = (
			);
			name = "Game School";
			productName = "Game School";
			productReference = F1F56E2C1B7B21B400DA70A1 /* Game School */;
			productType = "com.apple.product-type.in-app-purchase-content";
		};
/* End PBXNativeTarget section */

/* Begin PBXProject section */
		F1F56E261B7B21B400DA70A1 /* Project object */ = {
			isa = PBXProject;
			attributes = {
				LastUpgradeCheck = 0640;
				ORGANIZATIONNAME = "Min Su Kim";
				TargetAttributes = {
					F1F56E2B1B7B21B400DA70A1 = {
						CreatedOnToolsVersion = 6.4;
					};
				};
			};
			buildConfigurationList = F1F56E291B7B21B400DA70A1 /* Build configuration list for PBXProject "Game School" */;
			compatibilityVersion = "Xcode 3.2";
			developmentRegion = English;
			hasScannedForEncodings = 0;
			knownRegions = (
				en,
			);
			mainGroup = F1F56E251B7B21B400DA70A1;
			productRefGroup = F1F56E2D1B7B21B400DA70A1 /* Products */;
			projectDirPath = "";
			projectRoot = "";
			targets = (
				F1F56E2B1B7B21B400DA70A1 /* Game School */,
			);
		};
/* End PBXProject section */

/* Begin PBXResourcesBuildPhase section */
		F1F56E2A1B7B21B400DA70A1 /* Resources */ = {
			isa = PBXResourcesBuildPhase;
			buildActionMask = 2147483647;
			files = (
			);
			runOnlyForDeploymentPostprocessing = 0;
		};
/* End PBXResourcesBuildPhase section */

/* Begin XCBuildConfiguration section */
		F1F56E311B7B21B400DA70A1 /* Debug */ = {
			isa = XCBuildConfiguration;
			buildSettings = {
				ALWAYS_SEARCH_USER_PATHS = NO;
				CLANG_CXX_LANGUAGE_STANDARD = "gnu++0x";
				CLANG_CXX_LIBRARY = "libc++";
				CLANG_ENABLE_MODULES = YES;
				CLANG_ENABLE_OBJC_ARC = YES;
				CLANG_WARN_BOOL_CONVERSION = YES;
				CLANG_WARN_CONSTANT_CONVERSION = YES;
				CLANG_WARN_DIRECT_OBJC_ISA_USAGE = YES_ERROR;
				CLANG_WARN_EMPTY_BODY = YES;
				CLANG_WARN_ENUM_CONVERSION = YES;
				CLANG_WARN_INT_CONVERSION = YES;
				CLANG_WARN_OBJC_ROOT_CLASS = YES_ERROR;
				CLANG_WARN_UNREACHABLE_CODE = YES;
				CLANG_WARN__DUPLICATE_METHOD_MATCH = YES;
				COPY_PHASE_STRIP = NO;
				ENABLE_STRICT_OBJC_MSGSEND = YES;
				GCC_C_LANGUAGE_STANDARD = gnu99;
				GCC_DYNAMIC_NO_PIC = NO;
				GCC_NO_COMMON_BLOCKS = YES;
				GCC_OPTIMIZATION_LEVEL = 0;
				GCC_PREPROCESSOR_DEFINITIONS = (
					"DEBUG=1",
					"$(inherited)",
				);
				GCC_SYMBOLS_PRIVATE_EXTERN = NO;
				GCC_WARN_64_TO_32_BIT_CONVERSION = YES;
				GCC_WARN_ABOUT_RETURN_TYPE = YES_ERROR;
				GCC_WARN_UNDECLARED_SELECTOR = YES;
				GCC_WARN_UNINITIALIZED_AUTOS = YES_AGGRESSIVE;
				GCC_WARN_UNUSED_FUNCTION = YES;
				GCC_WARN_UNUSED_VARIABLE = YES;
				MTL_ENABLE_DEBUG_INFO = YES;
				ONLY_ACTIVE_ARCH = YES;
			};
			name = Debug;
		};
		F1F56E321B7B21B400DA70A1 /* Release */ = {
			isa = XCBuildConfiguration;
			buildSettings = {
				ALWAYS_SEARCH_USER_PATHS = NO;
				CLANG_CXX_LANGUAGE_STANDARD = "gnu++0x";
				CLANG_CXX_LIBRARY = "libc++";
				CLANG_ENABLE_MODULES = YES;
				CLANG_ENABLE_OBJC_ARC = YES;
				CLANG_WARN_BOOL_CONVERSION = YES;
				CLANG_WARN_CONSTANT_CONVERSION = YES;
				CLANG_WARN_DIRECT_OBJC_ISA_USAGE = YES_ERROR;
				CLANG_WARN_EMPTY_BODY = YES;
				CLANG_WARN_ENUM_CONVERSION = YES;
				CLANG_WARN_INT_CONVERSION = YES;
				CLANG_WARN_OBJC_ROOT_CLASS = YES_ERROR;
				CLANG_WARN_UNREACHABLE_CODE = YES;
				CLANG_WARN__DUPLICATE_METHOD_MATCH = YES;
				COPY_PHASE_STRIP = NO;
				ENABLE_NS_ASSERTIONS = NO;
				ENABLE_STRICT_OBJC_MSGSEND = YES;
				GCC_C_LANGUAGE_STANDARD = gnu99;
				GCC_NO_COMMON_BLOCKS = YES;
				GCC_WARN_64_TO_32_BIT_CONVERSION = YES;
				GCC_WARN_ABOUT_RETURN_TYPE = YES_ERROR;
				GCC_WARN_UNDECLARED_SELECTOR = YES;
				GCC_WARN_UNINITIALIZED_AUTOS = YES_AGGRESSIVE;
				GCC_WARN_UNUSED_FUNCTION = YES;
				GCC_WARN_UNUSED_VARIABLE = YES;
				MTL_ENABLE_DEBUG_INFO = NO;
			};
			name = Release;
		};
		F1F56E341B7B21B400DA70A1 /* Debug */ = {
			isa = XCBuildConfiguration;
			buildSettings = {
				INFOPLIST_FILE = "Game School/ContentInfo.plist";
				INSTALL_PATH = "$(LOCAL_LIBRARY_DIR)/InAppPurchaseContent";
				PRODUCT_NAME = "$(TARGET_NAME)";
				WRAPPER_EXTENSION = "";
			};
			name = Debug;
		};
		F1F56E351B7B21B400DA70A1 /* Release */ = {
			isa = XCBuildConfiguration;
			buildSettings = {
				INFOPLIST_FILE = "Game School/ContentInfo.plist";
				INSTALL_PATH = "$(LOCAL_LIBRARY_DIR)/InAppPurchaseContent";
				PRODUCT_NAME = "$(TARGET_NAME)";
				WRAPPER_EXTENSION = "";
			};
			name = Release;
		};
/* End XCBuildConfiguration section */

/* Begin XCConfigurationList section */
		F1F56E291B7B21B400DA70A1 /* Build configuration list for PBXProject "Game School" */ = {
			isa = XCConfigurationList;
			buildConfigurations = (
				F1F56E311B7B21B400DA70A1 /* Debug */,
				F1F56E321B7B21B400DA70A1 /* Release */,
			);
			defaultConfigurationIsVisible = 0;
			defaultConfigurationName = Release;
		};
		F1F56E331B7B21B400DA70A1 /* Build configuration list for PBXNativeTarget "Game School" */ = {
			isa = XCConfigurationList;
			buildConfigurations = (
				F1F56E341B7B21B400DA70A1 /* Debug */,
				F1F56E351B7B21B400DA70A1 /* Release */,
			);
			defaultConfigurationIsVisible = 0;
		};
/* End XCConfigurationList section */
	};
	rootObject = F1F56E261B7B21B400DA70A1 /* Project object */;
}
